
Microsoft Visual Studio Solution File, Format Version 12.00
# Visual Studio Version 17
VisualStudioVersion = 17.11.35219.272
MinimumVisualStudioVersion = 10.0.40219.1
Project("{FAE04EC0-301F-11D3-BF4B-00C04F79EFBC}") = "ADVWEB1 RAZOR PAGE", "ADVWEB1 RAZOR PAGE.csproj", "{ACBD72A0-AA43-4F47-B9D8-A731B9BDE989}"
EndProject
Global
	GlobalSection(SolutionConfigurationPlatforms) = preSolution
		Debug|Any CPU = Debug|Any CPU
		Release|Any CPU = Release|Any CPU
	EndGlobalSection
	GlobalSection(ProjectConfigurationPlatforms) = postSolution
		{ACBD72A0-AA43-4F47-B9D8-A731B9BDE989}.Debug|Any CPU.ActiveCfg = Debug|Any CPU
		{ACBD72A0-AA43-4F47-B9D8-A731B9BDE989}.Debug|Any CPU.Build.0 = Debug|Any CPU
		{ACBD72A0-AA43-4F47-B9D8-A731B9BDE989}.Release|Any CPU.ActiveCfg = Release|Any CPU
		{ACBD72A0-AA43-4F47-B9D8-A731B9BDE989}.Release|Any CPU.Build.0 = Release|Any CPU
	EndGlobalSection
	GlobalSection(SolutionProperties) = preSolution
		HideSolutionNode = FALSE
	EndGlobalSection
	GlobalSection(ExtensibilityGlobals) = postSolution
		SolutionGuid = {67DAF9B9-AAEE-46AB-A076-2D1AA7FEEE6D}
	EndGlobalSection
EndGlobal
